{
	"name": "troika-3d-ui",
	"version": "0.52.4",
	"lockfileVersion": 3,
	"requires": true,
	"packages": {
		"": {
			"name": "troika-3d-ui",
			"version": "0.52.4",
			"license": "MIT",
			"dependencies": {
				"object-path": "^0.11.4"
			},
			"peerDependencies": {
				"three": ">=0.182.0"
			}
		},
		"../troika-3d": {
			"version": "0.52.4",
			"extraneous": true,
			"license": "MIT",
			"dependencies": {
				"troika-core": "^0.52.0",
				"troika-three-utils": "^0.52.4"
			},
			"peerDependencies": {
				"three": ">=0.182.0"
			}
		},
		"../troika-3d-text": {
			"version": "0.52.4",
			"extraneous": true,
			"license": "MIT",
			"dependencies": {
				"troika-3d": "^0.52.4",
				"troika-three-text": "^0.52.4",
				"troika-three-utils": "^0.52.4"
			},
			"peerDependencies": {
				"three": ">=0.182.0"
			}
		},
		"../troika-animation": {
			"version": "0.52.0",
			"extraneous": true,
			"license": "MIT"
		},
		"../troika-core": {
			"version": "0.52.0",
			"extraneous": true,
			"license": "MIT",
			"dependencies": {
				"prop-types": "^15.6.2"
			},
			"peerDependencies": {
				"react": "^16.5.2",
				"react-dom": "^16.5.2"
			},
			"peerDependenciesMeta": {
				"react": {
					"optional": true
				},
				"react-dom": {
					"optional": true
				}
			}
		},
		"../troika-flex-layout": {
			"version": "0.52.4",
			"extraneous": true,
			"license": "MIT",
			"dependencies": {
				"troika-three-text": "^0.52.4",
				"troika-worker-utils": "^0.52.0"
			},
			"devDependencies": {
				"terser": "^5.14.2",
				"yoga-layout-prebuilt": "1.9.6"
			}
		},
		"../troika-three-text": {
			"version": "0.52.4",
			"extraneous": true,
			"license": "MIT",
			"dependencies": {
				"bidi-js": "^1.0.2",
				"webgl-sdf-generator": "1.1.1"
			},
			"peerDependencies": {
				"three": ">=0.182.0"
			}
		},
		"../troika-three-utils": {
			"version": "0.52.4",
			"extraneous": true,
			"license": "MIT",
			"peerDependencies": {
				"three": ">=0.182.0"
			}
		},
		"../troika-worker-utils": {
			"version": "0.52.0",
			"extraneous": true,
			"license": "MIT"
		},
		"node_modules/object-path": {
			"version": "0.11.8",
			"resolved": "https://registry.npmjs.org/object-path/-/object-path-0.11.8.tgz",
			"integrity": "sha512-YJjNZrlXJFM42wTBn6zgOJVar9KFJvzx6sTWDte8sWZF//cnjl0BxHNpfZx+ZffXX63A9q0b1zsFiBX4g4X5KA==",
			"license": "MIT",
			"engines": {
				"node": ">= 10.12.0"
			}
		}
	}
}
