{
  "name": "troika-3d-ui",
  "version": "0.41.0",
  "lockfileVersion": 1,
  "requires": true,
  "dependencies": {
    "stretch-layout": {
      "version": "0.3.2",
      "resolved": "https://registry.npmjs.org/stretch-layout/-/stretch-layout-0.3.2.tgz",
      "integrity": "sha512-2qqb2mEB6mgDPeyZDWV0RBhhvI9Aq2voALc50mdFwq1/4d/hzzK7DfPzKtSQaVCoIu9dC84/BmPv0EDrjzkiBw=="
    }
  }
}
