{
	"name": "troika-core",
	"version": "0.11.0",
	"lockfileVersion": 1,
	"requires": true,
	"dependencies": {
		"easingjs": {
			"version": "1.0.1",
			"resolved": "https://internal-npm/content/groups/npm-all/easingjs/-/easingjs-1.0.1.tgz",
			"integrity": "sha1-YyI9LyVg5fjykMO+UxoBvaat/JE="
		},
		"js-tokens": {
			"version": "4.0.0",
			"resolved": "https://internal-npm/content/groups/npm-all/js-tokens/-/js-tokens-4.0.0.tgz",
			"integrity": "sha512-RdJUflcE3cUzKiMqQgsCu06FPu9UdIJO0beYbPhHN4k6apgJtifcoCtT9bcxOpYBtpD2kCM6Sbzg4CausW/PKQ=="
		},
		"loose-envify": {
			"version": "1.4.0",
			"resolved": "https://internal-npm/content/groups/npm-all/loose-envify/-/loose-envify-1.4.0.tgz",
			"integrity": "sha512-lyuxPGr/Wfhrlem2CL/UcnUc1zcqKAImBDzukY7Y5F/yQiNdko6+fRLevlw1HgMySw7f611UIY408EtxRSoK3Q==",
			"requires": {
				"js-tokens": "4.0.0"
			}
		},
		"object-assign": {
			"version": "4.1.1",
			"resolved": "https://internal-npm/content/groups/npm-all/object-assign/-/object-assign-4.1.1.tgz",
			"integrity": "sha1-IQmtx5ZYh8/AXLvUQsrIv7s2CGM="
		},
		"prop-types": {
			"version": "15.6.2",
			"resolved": "https://internal-npm/content/groups/npm-all/prop-types/-/prop-types-15.6.2.tgz",
			"integrity": "sha512-3pboPvLiWD7dkI3qf3KbUe6hKFKa52w+AE0VCqECtf+QHAKgOL37tTaNCnuX1nAAQ4ZhyP+kYVKf8rLmJ/feDQ==",
			"requires": {
				"loose-envify": "1.4.0",
				"object-assign": "4.1.1"
			}
		},
		"react": {
			"version": "16.5.2",
			"resolved": "https://internal-npm/content/groups/npm-all/react/-/react-16.5.2.tgz",
			"integrity": "sha512-FDCSVd3DjVTmbEAjUNX6FgfAmQ+ypJfHUsqUJOYNCBUp1h8lqmtC+0mXJ+JjsWx4KAVTkk1vKd1hLQPvEviSuw==",
			"dev": true,
			"requires": {
				"loose-envify": "1.4.0",
				"object-assign": "4.1.1",
				"prop-types": "15.6.2",
				"schedule": "0.5.0"
			}
		},
		"react-dom": {
			"version": "16.5.2",
			"resolved": "https://internal-npm/content/groups/npm-all/react-dom/-/react-dom-16.5.2.tgz",
			"integrity": "sha512-RC8LDw8feuZOHVgzEf7f+cxBr/DnKdqp56VU0lAs1f4UfKc4cU8wU4fTq/mgnvynLQo8OtlPC19NUFh/zjZPuA==",
			"dev": true,
			"requires": {
				"loose-envify": "1.4.0",
				"object-assign": "4.1.1",
				"prop-types": "15.6.2",
				"schedule": "0.5.0"
			}
		},
		"schedule": {
			"version": "0.5.0",
			"resolved": "https://internal-npm/content/groups/npm-all/schedule/-/schedule-0.5.0.tgz",
			"integrity": "sha512-HUcJicG5Ou8xfR//c2rPT0lPIRR09vVvN81T9fqfVgBmhERUbDEQoYKjpBxbueJnCPpSu2ujXzOnRQt6x9o/jw==",
			"dev": true,
			"requires": {
				"object-assign": "4.1.1"
			}
		}
	}
}
