{
	"name": "troika-three-text",
	"version": "0.52.4",
	"lockfileVersion": 3,
	"requires": true,
	"packages": {
		"": {
			"name": "troika-three-text",
			"version": "0.52.4",
			"license": "MIT",
			"dependencies": {
				"bidi-js": "^1.0.2",
				"webgl-sdf-generator": "1.1.1"
			},
			"peerDependencies": {
				"three": ">=0.182.0"
			}
		},
		"../troika-three-utils": {
			"version": "0.52.4",
			"extraneous": true,
			"license": "MIT",
			"peerDependencies": {
				"three": ">=0.182.0"
			}
		},
		"../troika-worker-utils": {
			"version": "0.52.0",
			"extraneous": true,
			"license": "MIT"
		},
		"node_modules/bidi-js": {
			"version": "1.0.3",
			"resolved": "https://registry.npmjs.org/bidi-js/-/bidi-js-1.0.3.tgz",
			"integrity": "sha512-RKshQI1R3YQ+n9YJz2QQ147P66ELpa1FQEg20Dk8oW9t2KgLbpDLLp9aGZ7y8WHSshDknG0bknqGw5/tyCs5tw==",
			"license": "MIT",
			"dependencies": {
				"require-from-string": "^2.0.2"
			}
		},
		"node_modules/bidi-js/node_modules/require-from-string": {
			"version": "2.0.2",
			"resolved": "https://registry.npmjs.org/require-from-string/-/require-from-string-2.0.2.tgz",
			"integrity": "sha512-Xf0nWe6RseziFMu+Ap9biiUbmplq6S9/p+7w7YXP/JBHhrUDDUhwa+vANyubuqfZWTveU//DYVGsDG7RKL/vEw==",
			"license": "MIT",
			"engines": {
				"node": ">=0.10.0"
			}
		},
		"node_modules/webgl-sdf-generator": {
			"version": "1.1.1",
			"resolved": "https://registry.npmjs.org/webgl-sdf-generator/-/webgl-sdf-generator-1.1.1.tgz",
			"integrity": "sha512-9Z0JcMTFxeE+b2x1LJTdnaT8rT8aEp7MVxkNwoycNmJWwPdzoXzMh0BjJSh/AEFP+KPYZUli814h8bJZFIZ2jA==",
			"license": "MIT"
		}
	}
}
