# THIS IS AN AUTOGENERATED FILE. DO NOT EDIT THIS FILE DIRECTLY.
# yarn lockfile v1


"@lojjic/typr@0.3.8-lojjic1":
  version "0.3.8-lojjic1"
  resolved "https://registry.yarnpkg.com/@lojjic/typr/-/typr-0.3.8-lojjic1.tgz#b0bae149c5de30cd2d7e27c22a852a549eba11e0"
  integrity sha512-FLTPyvrev/PjPguzzLWGnOK8tBDQOFSHLaO78+qkUm7WWrS6XAzG83d2kqz93Ykzpldu3G1oYJyYDq8hJCr0wQ==

"@unicode-font-resolver/client@1.0.2":
  version "1.0.2"
  resolved "https://registry.yarnpkg.com/@unicode-font-resolver/client/-/client-1.0.2.tgz#5c9eb943d47a2a70b6926df72441dca697a515db"
  integrity sha512-9MlMRk7BaV3K/e6wwxnG0GItS8Fqs3Pf6GlKbjeQq9XxB0GRI/WHjOX4/mZ1NJB3/gbgyu6fVos9uue7EabKGQ==

bidi-js@^1.0.2:
  version "1.0.3"
  resolved "https://registry.yarnpkg.com/bidi-js/-/bidi-js-1.0.3.tgz#6f8bcf3c877c4d9220ddf49b9bb6930c88f877d2"
  integrity sha512-RKshQI1R3YQ+n9YJz2QQ147P66ELpa1FQEg20Dk8oW9t2KgLbpDLLp9aGZ7y8WHSshDknG0bknqGw5/tyCs5tw==
  dependencies:
    require-from-string "^2.0.2"

fflate@^0.7.0:
  version "0.7.4"
  resolved "https://registry.yarnpkg.com/fflate/-/fflate-0.7.4.tgz#61587e5d958fdabb5a9368a302c25363f4f69f50"
  integrity sha512-5u2V/CDW15QM1XbbgS+0DfPxVB+jUKhWEKuuFuHncbk3tEEqzmoXL+2KyOFuKGqOnmdIy0/davWF1CkuwtibCw==

node-fetch@^2.6.0:
  version "2.7.0"
  resolved "https://registry.yarnpkg.com/node-fetch/-/node-fetch-2.7.0.tgz#d0f0fa6e3e2dc1d27efcd8ad99d550bda94d187d"
  integrity sha512-c4FRfUm/dbcWZ7U+1Wq0AwCyFL+3nt2bEw05wfxSz+DWpWsitgmSgYmy2dQdWyKC1694ELPqMs/YzUSNozLt8A==
  dependencies:
    whatwg-url "^5.0.0"

require-from-string@^2.0.2:
  version "2.0.2"
  resolved "https://registry.yarnpkg.com/require-from-string/-/require-from-string-2.0.2.tgz#89a7fdd938261267318eafe14f9c32e598c36909"
  integrity sha512-Xf0nWe6RseziFMu+Ap9biiUbmplq6S9/p+7w7YXP/JBHhrUDDUhwa+vANyubuqfZWTveU//DYVGsDG7RKL/vEw==

tr46@~0.0.3:
  version "0.0.3"
  resolved "https://registry.yarnpkg.com/tr46/-/tr46-0.0.3.tgz#8184fd347dac9cdc185992f3a6622e14b9d9ab6a"
  integrity sha512-N3WMsuqV66lT30CrXNbEjx4GEwlow3v6rr4mCcv6prnfwhS01rkgyFdjPNBYd9br7LpXV1+Emh01fHnq2Gdgrw==

troika-three-utils@^0.50.0:
  version "0.50.0"
  resolved "https://registry.yarnpkg.com/troika-three-utils/-/troika-three-utils-0.50.0.tgz#2a91a378d389cbc084d46e7b7d38fe872c2ed9f8"
  integrity sha512-Mpa4OLKv6qxsc5hU9a7CT9JuS6JSmCCT/UAgsuretjPj1tju3xdVP+YizJhLhER78GnZE10IPujBOLzIxW+jpA==

troika-worker-utils@^0.50.0:
  version "0.50.0"
  resolved "https://registry.yarnpkg.com/troika-worker-utils/-/troika-worker-utils-0.50.0.tgz#044b106df92685499553eff1198d133fd2e0c010"
  integrity sha512-BxNk0w6+d9NYd7El/3RzlzH/F2vovJI1FX9Zb+D7fArVM1EsUXj6+wVwJSrfucy6/HYhfbZPu/lD6Miiw9Byiw==

webgl-sdf-generator@1.1.1:
  version "1.1.1"
  resolved "https://registry.yarnpkg.com/webgl-sdf-generator/-/webgl-sdf-generator-1.1.1.tgz#3e1b422b3d87cd3cc77f2602c9db63bc0f6accbd"
  integrity sha512-9Z0JcMTFxeE+b2x1LJTdnaT8rT8aEp7MVxkNwoycNmJWwPdzoXzMh0BjJSh/AEFP+KPYZUli814h8bJZFIZ2jA==

webidl-conversions@^3.0.0:
  version "3.0.1"
  resolved "https://registry.yarnpkg.com/webidl-conversions/-/webidl-conversions-3.0.1.tgz#24534275e2a7bc6be7bc86611cc16ae0a5654871"
  integrity sha512-2JAn3z8AR6rjK8Sm8orRC0h/bcl/DqL7tRPdGZ4I1CjdF+EaMLmYxBHyXuKL849eucPFhvBoxMsflfOb8kxaeQ==

whatwg-url@^5.0.0:
  version "5.0.0"
  resolved "https://registry.yarnpkg.com/whatwg-url/-/whatwg-url-5.0.0.tgz#966454e8765462e37644d3626f6742ce8b70965d"
  integrity sha512-saE57nupxk6v3HY35+jzBwYa0rKSy0XR8JSxZPwgLr7ys0IBzhGviA1/TUGJLmSVqs8pb9AnvICXEuOHLprYTw==
  dependencies:
    tr46 "~0.0.3"
    webidl-conversions "^3.0.0"
