{
	"name": "troika-examples",
	"version": "0.52.4",
	"lockfileVersion": 2,
	"requires": true,
	"packages": {
		"": {
			"name": "troika-examples",
			"version": "0.52.4",
			"license": "MIT",
			"dependencies": {
				"d3-delaunay": "^6.0.2"
			}
		},
		"../three-instanced-uniforms-mesh": {
			"version": "0.52.4",
			"extraneous": true,
			"license": "MIT",
			"dependencies": {
				"troika-three-utils": "^0.52.4"
			},
			"peerDependencies": {
				"three": ">=0.182.0"
			}
		},
		"../troika-2d": {
			"version": "0.52.0",
			"extraneous": true,
			"license": "MIT",
			"dependencies": {
				"troika-core": "^0.52.0"
			}
		},
		"../troika-3d": {
			"version": "0.52.4",
			"extraneous": true,
			"license": "MIT",
			"dependencies": {
				"troika-core": "^0.52.0",
				"troika-three-utils": "^0.52.4"
			},
			"peerDependencies": {
				"three": ">=0.182.0"
			}
		},
		"../troika-3d-text": {
			"version": "0.52.4",
			"extraneous": true,
			"license": "MIT",
			"dependencies": {
				"troika-3d": "^0.52.4",
				"troika-three-text": "^0.52.4",
				"troika-three-utils": "^0.52.4"
			},
			"peerDependencies": {
				"three": ">=0.182.0"
			}
		},
		"../troika-3d-ui": {
			"version": "0.52.4",
			"extraneous": true,
			"license": "MIT",
			"dependencies": {
				"object-path": "^0.11.4"
			},
			"peerDependencies": {
				"three": ">=0.182.0"
			}
		},
		"../troika-animation": {
			"version": "0.52.0",
			"extraneous": true,
			"license": "MIT"
		},
		"../troika-core": {
			"version": "0.52.0",
			"extraneous": true,
			"license": "MIT",
			"dependencies": {
				"prop-types": "^15.6.2"
			},
			"peerDependencies": {
				"react": "^16.5.2",
				"react-dom": "^16.5.2"
			},
			"peerDependenciesMeta": {
				"react": {
					"optional": true
				},
				"react-dom": {
					"optional": true
				}
			}
		},
		"../troika-flex-layout": {
			"version": "0.52.4",
			"extraneous": true,
			"license": "MIT",
			"dependencies": {
				"troika-three-text": "^0.52.4",
				"troika-worker-utils": "^0.52.0"
			},
			"devDependencies": {
				"terser": "^5.14.2",
				"yoga-layout-prebuilt": "1.9.6"
			}
		},
		"../troika-three-text": {
			"version": "0.52.4",
			"extraneous": true,
			"license": "MIT",
			"dependencies": {
				"bidi-js": "^1.0.2",
				"webgl-sdf-generator": "1.1.1"
			},
			"peerDependencies": {
				"three": ">=0.182.0"
			}
		},
		"../troika-three-utils": {
			"version": "0.52.4",
			"extraneous": true,
			"license": "MIT",
			"peerDependencies": {
				"three": ">=0.182.0"
			}
		},
		"../troika-worker-utils": {
			"version": "0.52.0",
			"extraneous": true,
			"license": "MIT"
		},
		"../troika-xr": {
			"version": "0.52.4",
			"extraneous": true,
			"license": "MIT",
			"dependencies": {
				"troika-3d": "^0.52.4",
				"troika-animation": "^0.52.0",
				"troika-core": "^0.52.0",
				"troika-three-utils": "^0.52.4"
			},
			"peerDependencies": {
				"three": ">=0.182.0"
			}
		},
		"node_modules/d3-delaunay": {
			"version": "6.0.4",
			"resolved": "https://registry.npmjs.org/d3-delaunay/-/d3-delaunay-6.0.4.tgz",
			"integrity": "sha512-mdjtIZ1XLAM8bm/hx3WwjfHt6Sggek7qH043O8KEjDXN40xi3vx/6pYSVTwLjEgiXQTbvaouWKynLBiUZ6SK6A==",
			"license": "ISC",
			"dependencies": {
				"delaunator": "5"
			},
			"engines": {
				"node": ">=12"
			}
		},
		"node_modules/d3-delaunay/node_modules/delaunator": {
			"version": "5.0.1",
			"resolved": "https://registry.npmjs.org/delaunator/-/delaunator-5.0.1.tgz",
			"integrity": "sha512-8nvh+XBe96aCESrGOqMp/84b13H9cdKbG5P2ejQCh4d4sK9RL4371qou9drQjMhvnPmhWl5hnmqbEE0fXr9Xnw==",
			"license": "ISC",
			"dependencies": {
				"robust-predicates": "^3.0.2"
			}
		},
		"node_modules/d3-delaunay/node_modules/robust-predicates": {
			"version": "3.0.2",
			"resolved": "https://registry.npmjs.org/robust-predicates/-/robust-predicates-3.0.2.tgz",
			"integrity": "sha512-IXgzBWvWQwE6PrDI05OvmXUIruQTcoMDzRsOd5CDvHCVLcLHMTSYvOK5Cm46kWqlV3yAbuSpBZdJ5oP5OUoStg==",
			"license": "Unlicense"
		}
	},
	"dependencies": {
		"d3-delaunay": {
			"version": "6.0.4",
			"resolved": "https://registry.npmjs.org/d3-delaunay/-/d3-delaunay-6.0.4.tgz",
			"integrity": "sha512-mdjtIZ1XLAM8bm/hx3WwjfHt6Sggek7qH043O8KEjDXN40xi3vx/6pYSVTwLjEgiXQTbvaouWKynLBiUZ6SK6A==",
			"requires": {
				"delaunator": "5"
			},
			"dependencies": {
				"delaunator": {
					"version": "5.0.1",
					"resolved": "https://registry.npmjs.org/delaunator/-/delaunator-5.0.1.tgz",
					"integrity": "sha512-8nvh+XBe96aCESrGOqMp/84b13H9cdKbG5P2ejQCh4d4sK9RL4371qou9drQjMhvnPmhWl5hnmqbEE0fXr9Xnw==",
					"requires": {
						"robust-predicates": "^3.0.2"
					}
				},
				"robust-predicates": {
					"version": "3.0.2",
					"resolved": "https://registry.npmjs.org/robust-predicates/-/robust-predicates-3.0.2.tgz",
					"integrity": "sha512-IXgzBWvWQwE6PrDI05OvmXUIruQTcoMDzRsOd5CDvHCVLcLHMTSYvOK5Cm46kWqlV3yAbuSpBZdJ5oP5OUoStg=="
				}
			}
		}
	}
}
