{
	"name": "troika-examples",
	"version": "0.11.0",
	"lockfileVersion": 1,
	"requires": true,
	"dependencies": {
		"adaptive-bezier-curve": {
			"version": "1.0.3",
			"resolved": "https://internal-npm/content/groups/npm-all/adaptive-bezier-curve/-/adaptive-bezier-curve-1.0.3.tgz",
			"integrity": "sha1-R3V3q+h9coDUbKQWSfbCJkb+gic="
		},
		"d3-hierarchy": {
			"version": "1.1.8",
			"resolved": "https://internal-npm/content/groups/npm-all/d3-hierarchy/-/d3-hierarchy-1.1.8.tgz",
			"integrity": "sha512-L+GHMSZNwTpiq4rt9GEsNcpLa4M96lXMR8M/nMG9p5hBE0jy6C+3hWtyZMenPQdwla249iJy7Nx0uKt3n+u9+w=="
		},
		"d3-voronoi": {
			"version": "1.1.4",
			"resolved": "https://internal-npm/content/groups/npm-all/d3-voronoi/-/d3-voronoi-1.1.4.tgz",
			"integrity": "sha512-dArJ32hchFsrQ8uMiTBLq256MpnZjeuBtdHpaDlYuQyjU0CVzCJl/BVW+SkszaAeH95D/8gxqAhgx0ouAWAfRg=="
		},
		"gl-vec2": {
			"version": "1.3.0",
			"resolved": "https://internal-npm/content/groups/npm-all/gl-vec2/-/gl-vec2-1.3.0.tgz",
			"integrity": "sha512-YiqaAuNsheWmUV0Sa8k94kBB0D6RWjwZztyO+trEYS8KzJ6OQB/4686gdrf59wld4hHFIvaxynO3nRxpk1Ij/A=="
		},
		"inherits": {
			"version": "2.0.3",
			"resolved": "https://internal-npm/content/groups/npm-all/inherits/-/inherits-2.0.3.tgz",
			"integrity": "sha1-Yzwsg+PaQqUC9SRmAiSA9CCCYd4="
		},
		"js-tokens": {
			"version": "4.0.0",
			"resolved": "https://internal-npm/content/groups/npm-all/js-tokens/-/js-tokens-4.0.0.tgz",
			"integrity": "sha512-RdJUflcE3cUzKiMqQgsCu06FPu9UdIJO0beYbPhHN4k6apgJtifcoCtT9bcxOpYBtpD2kCM6Sbzg4CausW/PKQ=="
		},
		"lodash": {
			"version": "4.17.11",
			"resolved": "https://internal-npm/content/groups/npm-all/lodash/-/lodash-4.17.11.tgz",
			"integrity": "sha512-cQKh8igo5QUhZ7lg38DYWAxMvjSAKG0A8wGSVimP07SIUEK2UO+arSRKbRZWtelMtN5V0Hkwh5ryOto/SshYIg=="
		},
		"loose-envify": {
			"version": "1.4.0",
			"resolved": "https://internal-npm/content/groups/npm-all/loose-envify/-/loose-envify-1.4.0.tgz",
			"integrity": "sha512-lyuxPGr/Wfhrlem2CL/UcnUc1zcqKAImBDzukY7Y5F/yQiNdko6+fRLevlw1HgMySw7f611UIY408EtxRSoK3Q==",
			"requires": {
				"js-tokens": "4.0.0"
			}
		},
		"object-assign": {
			"version": "4.1.1",
			"resolved": "https://internal-npm/content/groups/npm-all/object-assign/-/object-assign-4.1.1.tgz",
			"integrity": "sha1-IQmtx5ZYh8/AXLvUQsrIv7s2CGM="
		},
		"polyline-miter-util": {
			"version": "1.0.1",
			"resolved": "https://internal-npm/content/groups/npm-all/polyline-miter-util/-/polyline-miter-util-1.0.1.tgz",
			"integrity": "sha1-tpPyOJ6g3tNqa89ezS7OS2kX2Vc=",
			"requires": {
				"gl-vec2": "1.3.0"
			}
		},
		"polyline-normals": {
			"version": "2.0.2",
			"resolved": "https://internal-npm/content/groups/npm-all/polyline-normals/-/polyline-normals-2.0.2.tgz",
			"integrity": "sha1-oXN+ddjA3MsaWR+csn8J7vS30TU=",
			"requires": {
				"polyline-miter-util": "1.0.1"
			}
		},
		"prop-types": {
			"version": "15.6.2",
			"resolved": "https://internal-npm/content/groups/npm-all/prop-types/-/prop-types-15.6.2.tgz",
			"integrity": "sha512-3pboPvLiWD7dkI3qf3KbUe6hKFKa52w+AE0VCqECtf+QHAKgOL37tTaNCnuX1nAAQ4ZhyP+kYVKf8rLmJ/feDQ==",
			"requires": {
				"loose-envify": "1.4.0",
				"object-assign": "4.1.1"
			}
		},
		"react": {
			"version": "16.5.2",
			"resolved": "https://internal-npm/content/groups/npm-all/react/-/react-16.5.2.tgz",
			"integrity": "sha512-FDCSVd3DjVTmbEAjUNX6FgfAmQ+ypJfHUsqUJOYNCBUp1h8lqmtC+0mXJ+JjsWx4KAVTkk1vKd1hLQPvEviSuw==",
			"requires": {
				"loose-envify": "1.4.0",
				"object-assign": "4.1.1",
				"prop-types": "15.6.2",
				"schedule": "0.5.0"
			}
		},
		"react-dom": {
			"version": "16.5.2",
			"resolved": "https://internal-npm/content/groups/npm-all/react-dom/-/react-dom-16.5.2.tgz",
			"integrity": "sha512-RC8LDw8feuZOHVgzEf7f+cxBr/DnKdqp56VU0lAs1f4UfKc4cU8wU4fTq/mgnvynLQo8OtlPC19NUFh/zjZPuA==",
			"requires": {
				"loose-envify": "1.4.0",
				"object-assign": "4.1.1",
				"prop-types": "15.6.2",
				"schedule": "0.5.0"
			}
		},
		"schedule": {
			"version": "0.5.0",
			"resolved": "https://internal-npm/content/groups/npm-all/schedule/-/schedule-0.5.0.tgz",
			"integrity": "sha512-HUcJicG5Ou8xfR//c2rPT0lPIRR09vVvN81T9fqfVgBmhERUbDEQoYKjpBxbueJnCPpSu2ujXzOnRQt6x9o/jw==",
			"requires": {
				"object-assign": "4.1.1"
			}
		},
		"three-line-2d": {
			"version": "1.1.6",
			"resolved": "https://internal-npm/content/groups/npm-all/three-line-2d/-/three-line-2d-1.1.6.tgz",
			"integrity": "sha1-yqIJzhZq01+aPmuEZV5ABd2We3I=",
			"requires": {
				"inherits": "2.0.3",
				"object-assign": "4.1.1",
				"polyline-normals": "2.0.2"
			}
		}
	}
}
