{
	"name": "troika-examples",
	"version": "0.15.2",
	"lockfileVersion": 1,
	"requires": true,
	"dependencies": {
		"@babel/runtime": {
			"version": "7.6.0",
			"resolved": "https://nexus.int.protectwise.net/c/content/repositories/npm-upstream/@babel/runtime/-/runtime-7.6.0.tgz",
			"integrity": "sha512-89eSBLJsxNxOERC0Op4vd+0Bqm6wRMqMbFtV3i0/fbaWw/mJ8Q3eBvgX0G4SyrOOLCtbu98HspF8o09MRT+KzQ==",
			"requires": {
				"regenerator-runtime": "^0.13.2"
			}
		},
		"@icons/material": {
			"version": "0.2.4",
			"resolved": "https://nexus.int.protectwise.net/c/content/repositories/npm-upstream/@icons/material/-/material-0.2.4.tgz",
			"integrity": "sha512-QPcGmICAPbGLGb6F/yNf/KzKqvFx8z5qx3D1yFqVAjoFmXK35EgyW+cJ57Te3CNsmzblwtzakLGFqHPqrfb4Tw=="
		},
		"adaptive-bezier-curve": {
			"version": "1.0.3",
			"resolved": "https://nexus.int.protectwise.net/content/groups/npm-all/adaptive-bezier-curve/-/adaptive-bezier-curve-1.0.3.tgz",
			"integrity": "sha1-R3V3q+h9coDUbKQWSfbCJkb+gic="
		},
		"classnames": {
			"version": "2.2.6",
			"resolved": "https://nexus.int.protectwise.net/content/groups/npm-all/classnames/-/classnames-2.2.6.tgz",
			"integrity": "sha512-JR/iSQOSt+LQIWwrwEzJ9uk0xfN3mTVYMwt1Ir5mUcSN6pU+V4zQFFaJsclJbPuAUQH+yfWef6tm7l1quW3C8Q=="
		},
		"d3-hierarchy": {
			"version": "1.1.8",
			"resolved": "https://nexus.int.protectwise.net/content/groups/npm-all/d3-hierarchy/-/d3-hierarchy-1.1.8.tgz",
			"integrity": "sha512-L+GHMSZNwTpiq4rt9GEsNcpLa4M96lXMR8M/nMG9p5hBE0jy6C+3hWtyZMenPQdwla249iJy7Nx0uKt3n+u9+w=="
		},
		"d3-voronoi": {
			"version": "1.1.4",
			"resolved": "https://nexus.int.protectwise.net/content/groups/npm-all/d3-voronoi/-/d3-voronoi-1.1.4.tgz",
			"integrity": "sha512-dArJ32hchFsrQ8uMiTBLq256MpnZjeuBtdHpaDlYuQyjU0CVzCJl/BVW+SkszaAeH95D/8gxqAhgx0ouAWAfRg=="
		},
		"gl-vec2": {
			"version": "1.3.0",
			"resolved": "https://nexus.int.protectwise.net/content/groups/npm-all/gl-vec2/-/gl-vec2-1.3.0.tgz",
			"integrity": "sha512-YiqaAuNsheWmUV0Sa8k94kBB0D6RWjwZztyO+trEYS8KzJ6OQB/4686gdrf59wld4hHFIvaxynO3nRxpk1Ij/A=="
		},
		"inherits": {
			"version": "2.0.4",
			"resolved": "https://nexus.int.protectwise.net/content/groups/npm-all/inherits/-/inherits-2.0.4.tgz",
			"integrity": "sha512-k/vGaX4/Yla3WzyMCvTQOXYeIHvqOKtnqBduzTHpzpQZzAskKMhZ2K+EnBiSM9zGSoIFeMpXKxa4dYeZIQqewQ=="
		},
		"js-tokens": {
			"version": "4.0.0",
			"resolved": "https://nexus.int.protectwise.net/content/groups/npm-all/js-tokens/-/js-tokens-4.0.0.tgz",
			"integrity": "sha512-RdJUflcE3cUzKiMqQgsCu06FPu9UdIJO0beYbPhHN4k6apgJtifcoCtT9bcxOpYBtpD2kCM6Sbzg4CausW/PKQ=="
		},
		"lodash": {
			"version": "4.17.15",
			"resolved": "https://nexus.int.protectwise.net/content/groups/npm-all/lodash/-/lodash-4.17.15.tgz",
			"integrity": "sha512-8xOcRHvCjnocdS5cpwXQXVzmmh5e5+saE2QGoeQmbKmRS6J3VQppPOIt0MnmE+4xlZoumy0GPG0D0MVIQbNA1A=="
		},
		"lodash.clamp": {
			"version": "4.0.3",
			"resolved": "https://nexus.int.protectwise.net/content/groups/npm-all/lodash.clamp/-/lodash.clamp-4.0.3.tgz",
			"integrity": "sha1-XCS+3u7vB1NWDcK0y0Zx+Qpt36o="
		},
		"lodash.clonedeep": {
			"version": "4.5.0",
			"resolved": "https://nexus.int.protectwise.net/content/groups/npm-all/lodash.clonedeep/-/lodash.clonedeep-4.5.0.tgz",
			"integrity": "sha1-4j8/nE+Pvd6HJSnBBxhXoIblzO8="
		},
		"lodash.isfinite": {
			"version": "3.3.2",
			"resolved": "https://nexus.int.protectwise.net/content/groups/npm-all/lodash.isfinite/-/lodash.isfinite-3.3.2.tgz",
			"integrity": "sha1-+4m2WpqAKBgz8LdHizpRBPiY67M="
		},
		"lodash.isstring": {
			"version": "4.0.1",
			"resolved": "https://nexus.int.protectwise.net/content/groups/npm-all/lodash.isstring/-/lodash.isstring-4.0.1.tgz",
			"integrity": "sha1-1SfftUVuynzJu5XV2ur4i6VKVFE="
		},
		"lodash.isundefined": {
			"version": "3.0.1",
			"resolved": "https://nexus.int.protectwise.net/content/groups/npm-all/lodash.isundefined/-/lodash.isundefined-3.0.1.tgz",
			"integrity": "sha1-I+89lTVWUgOmbO/VuDD4SJEa+0g="
		},
		"lodash.result": {
			"version": "4.5.2",
			"resolved": "https://nexus.int.protectwise.net/content/groups/npm-all/lodash.result/-/lodash.result-4.5.2.tgz",
			"integrity": "sha1-y0Wyf7kU6qjY7m8M57KHC4fLcKo="
		},
		"lodash.set": {
			"version": "4.3.2",
			"resolved": "https://nexus.int.protectwise.net/content/groups/npm-all/lodash.set/-/lodash.set-4.3.2.tgz",
			"integrity": "sha1-2HV7HagH3eJIFrDWqEvqGnYjCyM="
		},
		"loose-envify": {
			"version": "1.4.0",
			"resolved": "https://nexus.int.protectwise.net/content/groups/npm-all/loose-envify/-/loose-envify-1.4.0.tgz",
			"integrity": "sha512-lyuxPGr/Wfhrlem2CL/UcnUc1zcqKAImBDzukY7Y5F/yQiNdko6+fRLevlw1HgMySw7f611UIY408EtxRSoK3Q==",
			"requires": {
				"js-tokens": "^3.0.0 || ^4.0.0"
			}
		},
		"material-colors": {
			"version": "1.2.6",
			"resolved": "https://nexus.int.protectwise.net/content/groups/npm-all/material-colors/-/material-colors-1.2.6.tgz",
			"integrity": "sha512-6qE4B9deFBIa9YSpOc9O0Sgc43zTeVYbgDT5veRKSlB2+ZuHNoVVxA1L/ckMUayV9Ay9y7Z/SZCLcGteW9i7bg=="
		},
		"object-assign": {
			"version": "4.1.1",
			"resolved": "https://nexus.int.protectwise.net/content/groups/npm-all/object-assign/-/object-assign-4.1.1.tgz",
			"integrity": "sha1-IQmtx5ZYh8/AXLvUQsrIv7s2CGM="
		},
		"polyline-miter-util": {
			"version": "1.0.1",
			"resolved": "https://nexus.int.protectwise.net/content/groups/npm-all/polyline-miter-util/-/polyline-miter-util-1.0.1.tgz",
			"integrity": "sha1-tpPyOJ6g3tNqa89ezS7OS2kX2Vc=",
			"requires": {
				"gl-vec2": "^1.0.0"
			}
		},
		"polyline-normals": {
			"version": "2.0.2",
			"resolved": "https://nexus.int.protectwise.net/content/groups/npm-all/polyline-normals/-/polyline-normals-2.0.2.tgz",
			"integrity": "sha1-oXN+ddjA3MsaWR+csn8J7vS30TU=",
			"requires": {
				"polyline-miter-util": "^1.0.1"
			}
		},
		"prop-types": {
			"version": "15.7.2",
			"resolved": "https://nexus.int.protectwise.net/content/groups/npm-all/prop-types/-/prop-types-15.7.2.tgz",
			"integrity": "sha512-8QQikdH7//R2vurIJSutZ1smHYTcLpRWEOlHnzcWHmBYrOGUysKwSsrC89BCiFj3CbrfJ/nXFdJepOVrY1GCHQ==",
			"requires": {
				"loose-envify": "^1.4.0",
				"object-assign": "^4.1.1",
				"react-is": "^16.8.1"
			}
		},
		"react": {
			"version": "16.9.0",
			"resolved": "https://nexus.int.protectwise.net/content/groups/npm-all/react/-/react-16.9.0.tgz",
			"integrity": "sha512-+7LQnFBwkiw+BobzOF6N//BdoNw0ouwmSJTEm9cglOOmsg/TMiFHZLe2sEoN5M7LgJTj9oHH0gxklfnQe66S1w==",
			"requires": {
				"loose-envify": "^1.1.0",
				"object-assign": "^4.1.1",
				"prop-types": "^15.6.2"
			}
		},
		"react-color": {
			"version": "2.17.3",
			"resolved": "https://nexus.int.protectwise.net/content/groups/npm-all/react-color/-/react-color-2.17.3.tgz",
			"integrity": "sha512-1dtO8LqAVotPIChlmo6kLtFS1FP89ll8/OiA8EcFRDR+ntcK+0ukJgByuIQHRtzvigf26dV5HklnxDIvhON9VQ==",
			"requires": {
				"@icons/material": "^0.2.4",
				"lodash": "^4.17.11",
				"material-colors": "^1.2.1",
				"prop-types": "^15.5.10",
				"reactcss": "^1.2.0",
				"tinycolor2": "^1.4.1"
			}
		},
		"react-dat-gui": {
			"version": "4.0.0",
			"resolved": "https://nexus.int.protectwise.net/content/groups/npm-all/react-dat-gui/-/react-dat-gui-4.0.0.tgz",
			"integrity": "sha512-7knFkbdzx1DbpAA/Xb5Y5HCyrsFpr53PjYlLD1DFqzpU/1z9KSOq3Tt1rp44AI0712X5WCpOav56IHZcAnXCGg==",
			"requires": {
				"@babel/runtime": "^7.5.5",
				"classnames": "2.2.6",
				"lodash.clamp": "^4.0.2",
				"lodash.clonedeep": "^4.3.2",
				"lodash.isfinite": "^3.3.1",
				"lodash.isstring": "^4.0.1",
				"lodash.isundefined": "^3.0.1",
				"lodash.result": "^4.4.0",
				"lodash.set": "^4.2.0",
				"react-color": "^2.13.8"
			}
		},
		"react-dom": {
			"version": "16.9.0",
			"resolved": "https://nexus.int.protectwise.net/content/groups/npm-all/react-dom/-/react-dom-16.9.0.tgz",
			"integrity": "sha512-YFT2rxO9hM70ewk9jq0y6sQk8cL02xm4+IzYBz75CQGlClQQ1Bxq0nhHF6OtSbit+AIahujJgb/CPRibFkMNJQ==",
			"requires": {
				"loose-envify": "^1.1.0",
				"object-assign": "^4.1.1",
				"prop-types": "^15.6.2",
				"scheduler": "^0.15.0"
			}
		},
		"react-is": {
			"version": "16.9.0",
			"resolved": "https://nexus.int.protectwise.net/content/groups/npm-all/react-is/-/react-is-16.9.0.tgz",
			"integrity": "sha512-tJBzzzIgnnRfEm046qRcURvwQnZVXmuCbscxUO5RWrGTXpon2d4c8mI0D8WE6ydVIm29JiLB6+RslkIvym9Rjw=="
		},
		"reactcss": {
			"version": "1.2.3",
			"resolved": "https://nexus.int.protectwise.net/content/groups/npm-all/reactcss/-/reactcss-1.2.3.tgz",
			"integrity": "sha512-KiwVUcFu1RErkI97ywr8nvx8dNOpT03rbnma0SSalTYjkrPYaEajR4a/MRt6DZ46K6arDRbWMNHF+xH7G7n/8A==",
			"requires": {
				"lodash": "^4.0.1"
			}
		},
		"regenerator-runtime": {
			"version": "0.13.3",
			"resolved": "https://nexus.int.protectwise.net/content/groups/npm-all/regenerator-runtime/-/regenerator-runtime-0.13.3.tgz",
			"integrity": "sha512-naKIZz2GQ8JWh///G7L3X6LaQUAMp2lvb1rvwwsURe/VXwD6VMfr+/1NuNw3ag8v2kY1aQ/go5SNn79O9JU7yw=="
		},
		"scheduler": {
			"version": "0.15.0",
			"resolved": "https://nexus.int.protectwise.net/content/groups/npm-all/scheduler/-/scheduler-0.15.0.tgz",
			"integrity": "sha512-xAefmSfN6jqAa7Kuq7LIJY0bwAPG3xlCj0HMEBQk1lxYiDKZscY2xJ5U/61ZTrYbmNQbXa+gc7czPkVo11tnCg==",
			"requires": {
				"loose-envify": "^1.1.0",
				"object-assign": "^4.1.1"
			}
		},
		"three": {
			"version": "0.107.0",
			"resolved": "https://nexus.int.protectwise.net/content/groups/npm-all/three/-/three-0.107.0.tgz",
			"integrity": "sha512-vqbKJRLBEviPVa7poEzXocobicwxzsctr5mnymA7n8fEzcVS49rYP0RrwqZ98JqujRoruK+/YzcchNpRP+kXsQ=="
		},
		"three-line-2d": {
			"version": "1.1.6",
			"resolved": "https://nexus.int.protectwise.net/content/groups/npm-all/three-line-2d/-/three-line-2d-1.1.6.tgz",
			"integrity": "sha1-yqIJzhZq01+aPmuEZV5ABd2We3I=",
			"requires": {
				"inherits": "^2.0.1",
				"object-assign": "^4.0.1",
				"polyline-normals": "^2.0.0"
			}
		},
		"tinycolor2": {
			"version": "1.4.1",
			"resolved": "https://nexus.int.protectwise.net/content/groups/npm-all/tinycolor2/-/tinycolor2-1.4.1.tgz",
			"integrity": "sha1-9PrTM0R7wLB9TcjpIJ2POaisd+g="
		}
	}
}
