{
	"name": "troika-3d",
	"version": "0.11.0",
	"lockfileVersion": 1,
	"requires": true,
	"dependencies": {
		"three": {
			"version": "0.97.0",
			"resolved": "https://internal-npm/content/groups/npm-all/three/-/three-0.97.0.tgz",
			"integrity": "sha512-ctZF79O1R2aMIDnz9cV5GUIONyFnYvfQKg4+EAwEVaEr1mgy99rglstH6hhRdIThu3SOa4Ns5da/Ee5fTbWc9A=="
		}
	}
}
